
Microsoft Visual Studio Solution File, Format Version 12.00
# Visual Studio Version 17
VisualStudioVersion = 17.2.32630.192
MinimumVisualStudioVersion = 10.0.40219.1
Project("{FAE04EC0-301F-11D3-BF4B-00C04F79EFBC}") = "POETask1_PROG7312", "POETask1_PROG7312\POETask1_PROG7312.csproj", "{32A13239-00A2-4B7F-A000-9C851C9FEDCE}"
EndProject
Global
	GlobalSection(SolutionConfigurationPlatforms) = preSolution
		Debug|Any CPU = Debug|Any CPU
		Release|Any CPU = Release|Any CPU
	EndGlobalSection
	GlobalSection(ProjectConfigurationPlatforms) = postSolution
		{32A13239-00A2-4B7F-A000-9C851C9FEDCE}.Debug|Any CPU.ActiveCfg = Debug|Any CPU
		{32A13239-00A2-4B7F-A000-9C851C9FEDCE}.Debug|Any CPU.Build.0 = Debug|Any CPU
		{32A13239-00A2-4B7F-A000-9C851C9FEDCE}.Release|Any CPU.ActiveCfg = Release|Any CPU
		{32A13239-00A2-4B7F-A000-9C851C9FEDCE}.Release|Any CPU.Build.0 = Release|Any CPU
	EndGlobalSection
	GlobalSection(SolutionProperties) = preSolution
		HideSolutionNode = FALSE
	EndGlobalSection
	GlobalSection(ExtensibilityGlobals) = postSolution
		SolutionGuid = {B5A7C31E-B19B-4721-8DB2-05E0D3494FA6}
	EndGlobalSection
EndGlobal
